
Microsoft Visual Studio Solution File, Format Version 12.00
# Visual Studio 15
VisualStudioVersion = 15.0.28307.421
MinimumVisualStudioVersion = 10.0.40219.1
Project("{FAE04EC0-301F-11D3-BF4B-00C04F79EFBC}") = "Mudo", "Mudo\Mudo.csproj", "{6098957B-9606-4380-B3D5-42BD36C1C71C}"
EndProject
Global
	GlobalSection(SolutionConfigurationPlatforms) = preSolution
		Debug|Any CPU = Debug|Any CPU
		Release|Any CPU = Release|Any CPU
	EndGlobalSection
	GlobalSection(ProjectConfigurationPlatforms) = postSolution
		{6098957B-9606-4380-B3D5-42BD36C1C71C}.Debug|Any CPU.ActiveCfg = Debug|Any CPU
		{6098957B-9606-4380-B3D5-42BD36C1C71C}.Debug|Any CPU.Build.0 = Debug|Any CPU
		{6098957B-9606-4380-B3D5-42BD36C1C71C}.Release|Any CPU.ActiveCfg = Release|Any CPU
		{6098957B-9606-4380-B3D5-42BD36C1C71C}.Release|Any CPU.Build.0 = Release|Any CPU
	EndGlobalSection
	GlobalSection(SolutionProperties) = preSolution
		HideSolutionNode = FALSE
	EndGlobalSection
	GlobalSection(ExtensibilityGlobals) = postSolution
		SolutionGuid = {E7C54962-B5D2-4CD6-A227-87670B9C8FE2}
	EndGlobalSection
EndGlobal
